
Microsoft Visual Studio Solution File, Format Version 12.00
# Visual Studio Version 17
VisualStudioVersion = 17.14.36127.28 d17.14
MinimumVisualStudioVersion = 10.0.40219.1
Project("{FAE04EC0-301F-11D3-BF4B-00C04F79EFBC}") = "Mapbox.BlazorComponent", "Mapbox.BlazorComponent\Mapbox.BlazorComponent.csproj", "{F7C2544A-4805-4091-A669-23A7C4A9171C}"
EndProject
Global
	GlobalSection(SolutionConfigurationPlatforms) = preSolution
		Debug|Any CPU = Debug|Any CPU
		Release|Any CPU = Release|Any CPU
	EndGlobalSection
	GlobalSection(ProjectConfigurationPlatforms) = postSolution
		{F7C2544A-4805-4091-A669-23A7C4A9171C}.Debug|Any CPU.ActiveCfg = Debug|Any CPU
		{F7C2544A-4805-4091-A669-23A7C4A9171C}.Debug|Any CPU.Build.0 = Debug|Any CPU
		{F7C2544A-4805-4091-A669-23A7C4A9171C}.Release|Any CPU.ActiveCfg = Release|Any CPU
		{F7C2544A-4805-4091-A669-23A7C4A9171C}.Release|Any CPU.Build.0 = Release|Any CPU
	EndGlobalSection
	GlobalSection(SolutionProperties) = preSolution
		HideSolutionNode = FALSE
	EndGlobalSection
	GlobalSection(ExtensibilityGlobals) = postSolution
		SolutionGuid = {27E7DCDF-BA07-45A7-82CC-716ACF649F6B}
	EndGlobalSection
EndGlobal
